// !$*UTF8*$!
{
	archiveVersion = 1;
	classes = {
	};
	objectVersion = 50;
	objects = {

/* Begin PBXBuildFile section */
		89233B0C20D336BC009E6323 /* AppDelegate.swift in Sources */ = {isa = PBXBuildFile; fileRef = 89233B0B20D336BC009E6323 /* AppDelegate.swift */; };
		89233B0E20D336BC009E6323 /* ViewController.swift in Sources */ = {isa = PBXBuildFile; fileRef = 89233B0D20D336BC009E6323 /* ViewController.swift */; };
		89233B1120D336BC009E6323 /* Main.storyboard in Resources */ = {isa = PBXBuildFile; fileRef = 89233B0F20D336BC009E6323 /* Main.storyboard */; };
		89233B1320D336BE009E6323 /* Assets.xcassets in Resources */ = {isa = PBXBuildFile; fileRef = 89233B1220D336BE009E6323 /* Assets.xcassets */; };
		89233B1620D336BE009E6323 /* LaunchScreen.storyboard in Resources */ = {isa = PBXBuildFile; fileRef = 89233B1420D336BE009E6323 /* LaunchScreen.storyboard */; };
		89233B2020D33832009E6323 /* TriangleView.swift in Sources */ = {isa = PBXBuildFile; fileRef = 89233B1F20D33832009E6323 /* TriangleView.swift */; };
		89233B2220D33F74009E6323 /* FaceView.swift in Sources */ = {isa = PBXBuildFile; fileRef = 89233B2120D33F74009E6323 /* FaceView.swift */; };
/* End PBXBuildFile section */

/* Begin PBXFileReference section */
		89233B0820D336BC009E6323 /* ExemploDesenho.app */ = {isa = PBXFileReference; explicitFileType = wrapper.application; includeInIndex = 0; path = ExemploDesenho.app; sourceTree = BUILT_PRODUCTS_DIR; };
		89233B0B20D336BC009E6323 /* AppDelegate.swift */ = {isa = PBXFileReference; lastKnownFileType = sourcecode.swift; path = AppDelegate.swift; sourceTree = "<group>"; };
		89233B0D20D336BC009E6323 /* ViewController.swift */ = {isa = PBXFileReference; lastKnownFileType = sourcecode.swift; path = ViewController.swift; sourceTree = "<group>"; };
		89233B1020D336BC009E6323 /* Base */ = {isa = PBXFileReference; lastKnownFileType = file.storyboard; name = Base; path = Base.lproj/Main.storyboard; sourceTree = "<group>"; };
		89233B1220D336BE009E6323 /* Assets.xcassets */ = {isa = PBXFileReference; lastKnownFileType = folder.assetcatalog; path = Assets.xcassets; sourceTree = "<group>"; };
		89233B1520D336BE009E6323 /* Base */ = {isa = PBXFileReference; lastKnownFileType = file.storyboard; name = Base; path = Base.lproj/LaunchScreen.storyboard; sourceTree = "<group>"; };
		89233B1720D336BE009E6323 /* Info.plist */ = {isa = PBXFileReference; lastKnownFileType = text.plist.xml; path = Info.plist; sourceTree = "<group>"; };
		89233B1F20D33832009E6323 /* TriangleView.swift */ = {isa = PBXFileReference; lastKnownFileType = sourcecode.swift; path = TriangleView.swift; sourceTree = "<group>"; };
		89233B2120D33F74009E6323 /* FaceView.swift */ = {isa = PBXFileReference; lastKnownFileType = sourcecode.swift; path = FaceView.swift; sourceTree = "<group>"; };
/* End PBXFileReference section */

/* Begin PBXFrameworksBuildPhase section */
		89233B0520D336BC009E6323 /* Frameworks */ = {
			isa = PBXFrameworksBuildPhase;
			buildActionMask = 2147483647;
			files = (
			);
			runOnlyForDeploymentPostprocessing = 0;
		};
/* End PBXFrameworksBuildPhase section */

/* Begin PBXGroup section */
		89233AFF20D336BC009E6323 = {
			isa = PBXGroup;
			children = (
				89233B0A20D336BC009E6323 /* ExemploDesenho */,
				89233B0920D336BC009E6323 /* Products */,
			);
			sourceTree = "<group>";
		};
		89233B0920D336BC009E6323 /* Products */ = {
			isa = PBXGroup;
			children = (
				89233B0820D336BC009E6323 /* ExemploDesenho.app */,
			);
			name = Products;
			sourceTree = "<group>";
		};
		89233B0A20D336BC009E6323 /* ExemploDesenho */ = {
			isa = PBXGroup;
			children = (
				89233B0B20D336BC009E6323 /* AppDelegate.swift */,
				89233B0D20D336BC009E6323 /* ViewController.swift */,
				89233B0F20D336BC009E6323 /* Main.storyboard */,
				89233B1220D336BE009E6323 /* Assets.xcassets */,
				89233B1420D336BE009E6323 /* LaunchScreen.storyboard */,
				89233B1720D336BE009E6323 /* Info.plist */,
				89233B1F20D33832009E6323 /* TriangleView.swift */,
				89233B2120D33F74009E6323 /* FaceView.swift */,
			);
			path = ExemploDesenho;
			sourceTree = "<group>";
		};
/* End PBXGroup section */

/* Begin PBXNativeTarget section */
		89233B0720D336BC009E6323 /* ExemploDesenho */ = {
			isa = PBXNativeTarget;
			buildConfigurationList = 89233B1A20D336BE009E6323 /* Build configuration list for PBXNativeTarget "ExemploDesenho" */;
			buildPhases = (
				89233B0420D336BC009E6323 /* Sources */,
				89233B0520D336BC009E6323 /* Frameworks */,
				89233B0620D336BC009E6323 /* Resources */,
			);
			buildRules = (
			);
			dependencies = (
			);
			name = ExemploDesenho;
			productName = ExemploDesenho;
			productReference = 89233B0820D336BC009E6323 /* ExemploDesenho.app */;
			productType = "com.apple.product-type.application";
		};
/* End PBXNativeTarget section */

/* Begin PBXProject section */
		89233B0020D336BC009E6323 /* Project object */ = {
			isa = PBXProject;
			attributes = {
				LastSwiftUpdateCheck = 0940;
				LastUpgradeCheck = 0940;
				ORGANIZATIONNAME = "Matheus de Paula";
				TargetAttributes = {
					89233B0720D336BC009E6323 = {
						CreatedOnToolsVersion = 9.4;
					};
				};
			};
			buildConfigurationList = 89233B0320D336BC009E6323 /* Build configuration list for PBXProject "ExemploDesenho" */;
			compatibilityVersion = "Xcode 9.3";
			developmentRegion = en;
			hasScannedForEncodings = 0;
			knownRegions = (
				en,
				Base,
			);
			mainGroup = 89233AFF20D336BC009E6323;
			productRefGroup = 89233B0920D336BC009E6323 /* Products */;
			projectDirPath = "";
			projectRoot = "";
			targets = (
				89233B0720D336BC009E6323 /* ExemploDesenho */,
			);
		};
/* End PBXProject section */

/* Begin PBXResourcesBuildPhase section */
		89233B0620D336BC009E6323 /* Resources */ = {
			isa = PBXResourcesBuildPhase;
			buildActionMask = 2147483647;
			files = (
				89233B1620D336BE009E6323 /* LaunchScreen.storyboard in Resources */,
				89233B1320D336BE009E6323 /* Assets.xcassets in Resources */,
				89233B1120D336BC009E6323 /* Main.storyboard in Resources */,
			);
			runOnlyForDeploymentPostprocessing = 0;
		};
/* End PBXResourcesBuildPhase section */

/* Begin PBXSourcesBuildPhase section */
		89233B0420D336BC009E6323 /* Sources */ = {
			isa = PBXSourcesBuildPhase;
			buildActionMask = 2147483647;
			files = (
				89233B0E20D336BC009E6323 /* ViewController.swift in Sources */,
				89233B2020D33832009E6323 /* TriangleView.swift in Sources */,
				89233B0C20D336BC009E6323 /* AppDelegate.swift in Sources */,
				89233B2220D33F74009E6323 /* FaceView.swift in Sources */,
			);
			runOnlyForDeploymentPostprocessing = 0;
		};
/* End PBXSourcesBuildPhase section */

/* Begin PBXVariantGroup section */
		89233B0F20D336BC009E6323 /* Main.storyboard */ = {
			isa = PBXVariantGroup;
			children = (
				89233B1020D336BC009E6323 /* Base */,
			);
			name = Main.storyboard;
			sourceTree = "<group>";
		};
		89233B1420D336BE009E6323 /* LaunchScreen.storyboard */ = {
			isa = PBXVariantGroup;
			children = (
				89233B1520D336BE009E6323 /* Base */,
			);
			name = LaunchScreen.storyboard;
			sourceTree = "<group>";
		};
/* End PBXVariantGroup section */

/* Begin XCBuildConfiguration section */
		89233B1820D336BE009E6323 /* Debug */ = {
			isa = XCBuildConfiguration;
			buildSettings = {
				ALWAYS_SEARCH_USER_PATHS = NO;
				CLANG_ANALYZER_NONNULL = YES;
				CLANG_ANALYZER_NUMBER_OBJECT_CONVERSION = YES_AGGRESSIVE;
				CLANG_CXX_LANGUAGE_STANDARD = "gnu++14";
				CLANG_CXX_LIBRARY = "libc++";
				CLANG_ENABLE_MODULES = YES;
				CLANG_ENABLE_OBJC_ARC = YES;
				CLANG_ENABLE_OBJC_WEAK = YES;
				CLANG_WARN_BLOCK_CAPTURE_AUTORELEASING = YES;
				CLANG_WARN_BOOL_CONVERSION = YES;
				CLANG_WARN_COMMA = YES;
				CLANG_WARN_CONSTANT_CONVERSION = YES;
				CLANG_WARN_DEPRECATED_OBJC_IMPLEMENTATIONS = YES;
				CLANG_WARN_DIRECT_OBJC_ISA_USAGE = YES_ERROR;
				CLANG_WARN_DOCUMENTATION_COMMENTS = YES;
				CLANG_WARN_EMPTY_BODY = YES;
				CLANG_WARN_ENUM_CONVERSION = YES;
				CLANG_WARN_INFINITE_RECURSION = YES;
				CLANG_WARN_INT_CONVERSION = YES;
				CLANG_WARN_NON_LITERAL_NULL_CONVERSION = YES;
				CLANG_WARN_OBJC_IMPLICIT_RETAIN_SELF = YES;
				CLANG_WARN_OBJC_LITERAL_CONVERSION = YES;
				CLANG_WARN_OBJC_ROOT_CLASS = YES_ERROR;
				CLANG_WARN_RANGE_LOOP_ANALYSIS = YES;
				CLANG_WARN_STRICT_PROTOTYPES = YES;
				CLANG_WARN_SUSPICIOUS_MOVE = YES;
				CLANG_WARN_UNGUARDED_AVAILABILITY = YES_AGGRESSIVE;
				CLANG_WARN_UNREACHABLE_CODE = YES;
				CLANG_WARN__DUPLICATE_METHOD_MATCH = YES;
				CODE_SIGN_IDENTITY = "iPhone Developer";
				COPY_PHASE_STRIP = NO;
				DEBUG_INFORMATION_FORMAT = dwarf;
				ENABLE_STRICT_OBJC_MSGSEND = YES;
				ENABLE_TESTABILITY = YES;
				GCC_C_LANGUAGE_STANDARD = gnu11;
				GCC_DYNAMIC_NO_PIC = NO;
				GCC_NO_COMMON_BLOCKS = YES;
				GCC_OPTIMIZATION_LEVEL = 0;
				GCC_PREPROCESSOR_DEFINITIONS = (
					"DEBUG=1",
					"$(inherited)",
				);
				GCC_WARN_64_TO_32_BIT_CONVERSION = YES;
				GCC_WARN_ABOUT_RETURN_TYPE = YES_ERROR;
				GCC_WARN_UNDECLARED_SELECTOR = YES;
				GCC_WARN_UNINITIALIZED_AUTOS = YES_AGGRESSIVE;
				GCC_WARN_UNUSED_FUNCTION = YES;
				GCC_WARN_UNUSED_VARIABLE = YES;
				IPHONEOS_DEPLOYMENT_TARGET = 11.4;
				MTL_ENABLE_DEBUG_INFO = YES;
				ONLY_ACTIVE_ARCH = YES;
				SDKROOT = iphoneos;
				SWIFT_ACTIVE_COMPILATION_CONDITIONS = DEBUG;
				SWIFT_OPTIMIZATION_LEVEL = "-Onone";
			};
			name = Debug;
		};
		89233B1920D336BE009E6323 /* Release */ = {
			isa = XCBuildConfiguration;
			buildSettings = {
				ALWAYS_SEARCH_USER_PATHS = NO;
				CLANG_ANALYZER_NONNULL = YES;
				CLANG_ANALYZER_NUMBER_OBJECT_CONVERSION = YES_AGGRESSIVE;
				CLANG_CXX_LANGUAGE_STANDARD = "gnu++14";
				CLANG_CXX_LIBRARY = "libc++";
				CLANG_ENABLE_MODULES = YES;
				CLANG_ENABLE_OBJC_ARC = YES;
				CLANG_ENABLE_OBJC_WEAK = YES;
				CLANG_WARN_BLOCK_CAPTURE_AUTORELEASING = YES;
				CLANG_WARN_BOOL_CONVERSION = YES;
				CLANG_WARN_COMMA = YES;
				CLANG_WARN_CONSTANT_CONVERSION = YES;
				CLANG_WARN_DEPRECATED_OBJC_IMPLEMENTATIONS = YES;
				CLANG_WARN_DIRECT_OBJC_ISA_USAGE = YES_ERROR;
				CLANG_WARN_DOCUMENTATION_COMMENTS = YES;
				CLANG_WARN_EMPTY_BODY = YES;
				CLANG_WARN_ENUM_CONVERSION = YES;
				CLANG_WARN_INFINITE_RECURSION = YES;
				CLANG_WARN_INT_CONVERSION = YES;
				CLANG_WARN_NON_LITERAL_NULL_CONVERSION = YES;
				CLANG_WARN_OBJC_IMPLICIT_RETAIN_SELF = YES;
				CLANG_WARN_OBJC_LITERAL_CONVERSION = YES;
				CLANG_WARN_OBJC_ROOT_CLASS = YES_ERROR;
				CLANG_WARN_RANGE_LOOP_ANALYSIS = YES;
				CLANG_WARN_STRICT_PROTOTYPES = YES;
				CLANG_WARN_SUSPICIOUS_MOVE = YES;
				CLANG_WARN_UNGUARDED_AVAILABILITY = YES_AGGRESSIVE;
				CLANG_WARN_UNREACHABLE_CODE = YES;
				CLANG_WARN__DUPLICATE_METHOD_MATCH = YES;
				CODE_SIGN_IDENTITY = "iPhone Developer";
				COPY_PHASE_STRIP = NO;
				DEBUG_INFORMATION_FORMAT = "dwarf-with-dsym";
				ENABLE_NS_ASSERTIONS = NO;
				ENABLE_STRICT_OBJC_MSGSEND = YES;
				GCC_C_LANGUAGE_STANDARD = gnu11;
				GCC_NO_COMMON_BLOCKS = YES;
				GCC_WARN_64_TO_32_BIT_CONVERSION = YES;
				GCC_WARN_ABOUT_RETURN_TYPE = YES_ERROR;
				GCC_WARN_UNDECLARED_SELECTOR = YES;
				GCC_WARN_UNINITIALIZED_AUTOS = YES_AGGRESSIVE;
				GCC_WARN_UNUSED_FUNCTION = YES;
				GCC_WARN_UNUSED_VARIABLE = YES;
				IPHONEOS_DEPLOYMENT_TARGET = 11.4;
				MTL_ENABLE_DEBUG_INFO = NO;
				SDKROOT = iphoneos;
				SWIFT_COMPILATION_MODE = wholemodule;
				SWIFT_OPTIMIZATION_LEVEL = "-O";
				VALIDATE_PRODUCT = YES;
			};
			name = Release;
		};
		89233B1B20D336BE009E6323 /* Debug */ = {
			isa = XCBuildConfiguration;
			buildSettings = {
				ASSETCATALOG_COMPILER_APPICON_NAME = AppIcon;
				CODE_SIGN_STYLE = Automatic;
				DEVELOPMENT_TEAM = FD2KK8MEY3;
				INFOPLIST_FILE = ExemploDesenho/Info.plist;
				LD_RUNPATH_SEARCH_PATHS = (
					"$(inherited)",
					"@executable_path/Frameworks",
				);
				PRODUCT_BUNDLE_IDENTIFIER = br.com.mpsousa.ExemploDesenho;
				PRODUCT_NAME = "$(TARGET_NAME)";
				SWIFT_VERSION = 4.0;
				TARGETED_DEVICE_FAMILY = "1,2";
			};
			name = Debug;
		};
		89233B1C20D336BE009E6323 /* Release */ = {
			isa = XCBuildConfiguration;
			buildSettings = {
				ASSETCATALOG_COMPILER_APPICON_NAME = AppIcon;
				CODE_SIGN_STYLE = Automatic;
				DEVELOPMENT_TEAM = FD2KK8MEY3;
				INFOPLIST_FILE = ExemploDesenho/Info.plist;
				LD_RUNPATH_SEARCH_PATHS = (
					"$(inherited)",
					"@executable_path/Frameworks",
				);
				PRODUCT_BUNDLE_IDENTIFIER = br.com.mpsousa.ExemploDesenho;
				PRODUCT_NAME = "$(TARGET_NAME)";
				SWIFT_VERSION = 4.0;
				TARGETED_DEVICE_FAMILY = "1,2";
			};
			name = Release;
		};
/* End XCBuildConfiguration section */

/* Begin XCConfigurationList section */
		89233B0320D336BC009E6323 /* Build configuration list for PBXProject "ExemploDesenho" */ = {
			isa = XCConfigurationList;
			buildConfigurations = (
				89233B1820D336BE009E6323 /* Debug */,
				89233B1920D336BE009E6323 /* Release */,
			);
			defaultConfigurationIsVisible = 0;
			defaultConfigurationName = Release;
		};
		89233B1A20D336BE009E6323 /* Build configuration list for PBXNativeTarget "ExemploDesenho" */ = {
			isa = XCConfigurationList;
			buildConfigurations = (
				89233B1B20D336BE009E6323 /* Debug */,
				89233B1C20D336BE009E6323 /* Release */,
			);
			defaultConfigurationIsVisible = 0;
			defaultConfigurationName = Release;
		};
/* End XCConfigurationList section */
	};
	rootObject = 89233B0020D336BC009E6323 /* Project object */;
}
